// !$*UTF8*$!
{
	archiveVersion = 1;
	classes = {
	};
	objectVersion = 50;
	objects = {

/* Begin PBXBuildFile section */
		E4F4D1CE2285CC15001B7698 /* AppDelegate.swift in Sources */ = {isa = PBXBuildFile; fileRef = E4F4D1CD2285CC15001B7698 /* AppDelegate.swift */; };
		E4F4D1D32285CC15001B7698 /* Main.storyboard in Resources */ = {isa = PBXBuildFile; fileRef = E4F4D1D12285CC15001B7698 /* Main.storyboard */; };
		E4F4D1D52285CC16001B7698 /* Assets.xcassets in Resources */ = {isa = PBXBuildFile; fileRef = E4F4D1D42285CC16001B7698 /* Assets.xcassets */; };
		E4F4D1D82285CC16001B7698 /* LaunchScreen.storyboard in Resources */ = {isa = PBXBuildFile; fileRef = E4F4D1D62285CC16001B7698 /* LaunchScreen.storyboard */; };
		E4F4D1E62285CCAF001B7698 /* ShoppingListTableViewController.swift in Sources */ = {isa = PBXBuildFile; fileRef = E4F4D1E52285CCAF001B7698 /* ShoppingListTableViewController.swift */; };
		E4F4D1EC2285CCD6001B7698 /* ItemController.swift in Sources */ = {isa = PBXBuildFile; fileRef = E4F4D1EB2285CCD6001B7698 /* ItemController.swift */; };
		E4F4D1F22285CD15001B7698 /* ShoppingList.xcdatamodeld in Sources */ = {isa = PBXBuildFile; fileRef = E4F4D1F02285CD15001B7698 /* ShoppingList.xcdatamodeld */; };
		E4F4D1F42285CD46001B7698 /* Item+Convenience.swift in Sources */ = {isa = PBXBuildFile; fileRef = E4F4D1F32285CD46001B7698 /* Item+Convenience.swift */; };
		E4F4D1F62285CDCF001B7698 /* CoreDataStack.swift in Sources */ = {isa = PBXBuildFile; fileRef = E4F4D1F52285CDCF001B7698 /* CoreDataStack.swift */; };
		E4F4D1F82285D0DF001B7698 /* ButtonTableViewCell.swift in Sources */ = {isa = PBXBuildFile; fileRef = E4F4D1F72285D0DF001B7698 /* ButtonTableViewCell.swift */; };
/* End PBXBuildFile section */

/* Begin PBXFileReference section */
		E4F4D1CA2285CC15001B7698 /* ShoppingList.app */ = {isa = PBXFileReference; explicitFileType = wrapper.application; includeInIndex = 0; path = ShoppingList.app; sourceTree = BUILT_PRODUCTS_DIR; };
		E4F4D1CD2285CC15001B7698 /* AppDelegate.swift */ = {isa = PBXFileReference; lastKnownFileType = sourcecode.swift; path = AppDelegate.swift; sourceTree = "<group>"; };
		E4F4D1D22285CC15001B7698 /* Base */ = {isa = PBXFileReference; lastKnownFileType = file.storyboard; name = Base; path = Base.lproj/Main.storyboard; sourceTree = "<group>"; };
		E4F4D1D42285CC16001B7698 /* Assets.xcassets */ = {isa = PBXFileReference; lastKnownFileType = folder.assetcatalog; path = Assets.xcassets; sourceTree = "<group>"; };
		E4F4D1D72285CC16001B7698 /* Base */ = {isa = PBXFileReference; lastKnownFileType = file.storyboard; name = Base; path = Base.lproj/LaunchScreen.storyboard; sourceTree = "<group>"; };
		E4F4D1D92285CC16001B7698 /* Info.plist */ = {isa = PBXFileReference; lastKnownFileType = text.plist.xml; path = Info.plist; sourceTree = "<group>"; };
		E4F4D1E52285CCAF001B7698 /* ShoppingListTableViewController.swift */ = {isa = PBXFileReference; lastKnownFileType = sourcecode.swift; path = ShoppingListTableViewController.swift; sourceTree = "<group>"; };
		E4F4D1EB2285CCD6001B7698 /* ItemController.swift */ = {isa = PBXFileReference; lastKnownFileType = sourcecode.swift; path = ItemController.swift; sourceTree = "<group>"; };
		E4F4D1F12285CD15001B7698 /* ShoppingList.xcdatamodel */ = {isa = PBXFileReference; lastKnownFileType = wrapper.xcdatamodel; path = ShoppingList.xcdatamodel; sourceTree = "<group>"; };
		E4F4D1F32285CD46001B7698 /* Item+Convenience.swift */ = {isa = PBXFileReference; lastKnownFileType = sourcecode.swift; path = "Item+Convenience.swift"; sourceTree = "<group>"; };
		E4F4D1F52285CDCF001B7698 /* CoreDataStack.swift */ = {isa = PBXFileReference; lastKnownFileType = sourcecode.swift; path = CoreDataStack.swift; sourceTree = "<group>"; };
		E4F4D1F72285D0DF001B7698 /* ButtonTableViewCell.swift */ = {isa = PBXFileReference; lastKnownFileType = sourcecode.swift; path = ButtonTableViewCell.swift; sourceTree = "<group>"; };
/* End PBXFileReference section */

/* Begin PBXFrameworksBuildPhase section */
		E4F4D1C72285CC15001B7698 /* Frameworks */ = {
			isa = PBXFrameworksBuildPhase;
			buildActionMask = 2147483647;
			files = (
			);
			runOnlyForDeploymentPostprocessing = 0;
		};
/* End PBXFrameworksBuildPhase section */

/* Begin PBXGroup section */
		E4F4D1C12285CC15001B7698 = {
			isa = PBXGroup;
			children = (
				E4F4D1CC2285CC15001B7698 /* ShoppingList */,
				E4F4D1CB2285CC15001B7698 /* Products */,
			);
			sourceTree = "<group>";
		};
		E4F4D1CB2285CC15001B7698 /* Products */ = {
			isa = PBXGroup;
			children = (
				E4F4D1CA2285CC15001B7698 /* ShoppingList.app */,
			);
			name = Products;
			sourceTree = "<group>";
		};
		E4F4D1CC2285CC15001B7698 /* ShoppingList */ = {
			isa = PBXGroup;
			children = (
				E4F4D1FA2285DF0C001B7698 /* StoryBoards */,
				E4F4D1F92285DEDB001B7698 /* HelperFiles */,
				E4F4D1E02285CC2D001B7698 /* Models */,
				E4F4D1E22285CC37001B7698 /* Views */,
				E4F4D1E12285CC32001B7698 /* Controllers */,
				E4F4D1DF2285CC21001B7698 /* Resources */,
			);
			path = ShoppingList;
			sourceTree = "<group>";
		};
		E4F4D1DF2285CC21001B7698 /* Resources */ = {
			isa = PBXGroup;
			children = (
				E4F4D1CD2285CC15001B7698 /* AppDelegate.swift */,
				E4F4D1D42285CC16001B7698 /* Assets.xcassets */,
				E4F4D1D92285CC16001B7698 /* Info.plist */,
			);
			path = Resources;
			sourceTree = "<group>";
		};
		E4F4D1E02285CC2D001B7698 /* Models */ = {
			isa = PBXGroup;
			children = (
				E4F4D1F02285CD15001B7698 /* ShoppingList.xcdatamodeld */,
				E4F4D1F32285CD46001B7698 /* Item+Convenience.swift */,
			);
			path = Models;
			sourceTree = "<group>";
		};
		E4F4D1E12285CC32001B7698 /* Controllers */ = {
			isa = PBXGroup;
			children = (
				E4F4D1E42285CC46001B7698 /* ModelControllers */,
				E4F4D1E32285CC3F001B7698 /* ViewControllers */,
			);
			path = Controllers;
			sourceTree = "<group>";
		};
		E4F4D1E22285CC37001B7698 /* Views */ = {
			isa = PBXGroup;
			children = (
				E4F4D1F72285D0DF001B7698 /* ButtonTableViewCell.swift */,
			);
			path = Views;
			sourceTree = "<group>";
		};
		E4F4D1E32285CC3F001B7698 /* ViewControllers */ = {
			isa = PBXGroup;
			children = (
				E4F4D1E52285CCAF001B7698 /* ShoppingListTableViewController.swift */,
			);
			path = ViewControllers;
			sourceTree = "<group>";
		};
		E4F4D1E42285CC46001B7698 /* ModelControllers */ = {
			isa = PBXGroup;
			children = (
				E4F4D1EB2285CCD6001B7698 /* ItemController.swift */,
			);
			path = ModelControllers;
			sourceTree = "<group>";
		};
		E4F4D1F92285DEDB001B7698 /* HelperFiles */ = {
			isa = PBXGroup;
			children = (
				E4F4D1F52285CDCF001B7698 /* CoreDataStack.swift */,
			);
			path = HelperFiles;
			sourceTree = "<group>";
		};
		E4F4D1FA2285DF0C001B7698 /* StoryBoards */ = {
			isa = PBXGroup;
			children = (
				E4F4D1D12285CC15001B7698 /* Main.storyboard */,
				E4F4D1D62285CC16001B7698 /* LaunchScreen.storyboard */,
			);
			path = StoryBoards;
			sourceTree = "<group>";
		};
/* End PBXGroup section */

/* Begin PBXNativeTarget section */
		E4F4D1C92285CC15001B7698 /* ShoppingList */ = {
			isa = PBXNativeTarget;
			buildConfigurationList = E4F4D1DC2285CC16001B7698 /* Build configuration list for PBXNativeTarget "ShoppingList" */;
			buildPhases = (
				E4F4D1C62285CC15001B7698 /* Sources */,
				E4F4D1C72285CC15001B7698 /* Frameworks */,
				E4F4D1C82285CC15001B7698 /* Resources */,
			);
			buildRules = (
			);
			dependencies = (
			);
			name = ShoppingList;
			productName = ShoppingList;
			productReference = E4F4D1CA2285CC15001B7698 /* ShoppingList.app */;
			productType = "com.apple.product-type.application";
		};
/* End PBXNativeTarget section */

/* Begin PBXProject section */
		E4F4D1C22285CC15001B7698 /* Project object */ = {
			isa = PBXProject;
			attributes = {
				LastSwiftUpdateCheck = 1020;
				LastUpgradeCheck = 1020;
				ORGANIZATIONNAME = devmtn;
				TargetAttributes = {
					E4F4D1C92285CC15001B7698 = {
						CreatedOnToolsVersion = 10.2;
					};
				};
			};
			buildConfigurationList = E4F4D1C52285CC15001B7698 /* Build configuration list for PBXProject "ShoppingList" */;
			compatibilityVersion = "Xcode 9.3";
			developmentRegion = en;
			hasScannedForEncodings = 0;
			knownRegions = (
				en,
				Base,
			);
			mainGroup = E4F4D1C12285CC15001B7698;
			productRefGroup = E4F4D1CB2285CC15001B7698 /* Products */;
			projectDirPath = "";
			projectRoot = "";
			targets = (
				E4F4D1C92285CC15001B7698 /* ShoppingList */,
			);
		};
/* End PBXProject section */

/* Begin PBXResourcesBuildPhase section */
		E4F4D1C82285CC15001B7698 /* Resources */ = {
			isa = PBXResourcesBuildPhase;
			buildActionMask = 2147483647;
			files = (
				E4F4D1D82285CC16001B7698 /* LaunchScreen.storyboard in Resources */,
				E4F4D1D52285CC16001B7698 /* Assets.xcassets in Resources */,
				E4F4D1D32285CC15001B7698 /* Main.storyboard in Resources */,
			);
			runOnlyForDeploymentPostprocessing = 0;
		};
/* End PBXResourcesBuildPhase section */

/* Begin PBXSourcesBuildPhase section */
		E4F4D1C62285CC15001B7698 /* Sources */ = {
			isa = PBXSourcesBuildPhase;
			buildActionMask = 2147483647;
			files = (
				E4F4D1CE2285CC15001B7698 /* AppDelegate.swift in Sources */,
				E4F4D1F42285CD46001B7698 /* Item+Convenience.swift in Sources */,
				E4F4D1F22285CD15001B7698 /* ShoppingList.xcdatamodeld in Sources */,
				E4F4D1F62285CDCF001B7698 /* CoreDataStack.swift in Sources */,
				E4F4D1EC2285CCD6001B7698 /* ItemController.swift in Sources */,
				E4F4D1F82285D0DF001B7698 /* ButtonTableViewCell.swift in Sources */,
				E4F4D1E62285CCAF001B7698 /* ShoppingListTableViewController.swift in Sources */,
			);
			runOnlyForDeploymentPostprocessing = 0;
		};
/* End PBXSourcesBuildPhase section */

/* Begin PBXVariantGroup section */
		E4F4D1D12285CC15001B7698 /* Main.storyboard */ = {
			isa = PBXVariantGroup;
			children = (
				E4F4D1D22285CC15001B7698 /* Base */,
			);
			name = Main.storyboard;
			sourceTree = "<group>";
		};
		E4F4D1D62285CC16001B7698 /* LaunchScreen.storyboard */ = {
			isa = PBXVariantGroup;
			children = (
				E4F4D1D72285CC16001B7698 /* Base */,
			);
			name = LaunchScreen.storyboard;
			sourceTree = "<group>";
		};
/* End PBXVariantGroup section */

/* Begin XCBuildConfiguration section */
		E4F4D1DA2285CC16001B7698 /* Debug */ = {
			isa = XCBuildConfiguration;
			buildSettings = {
				ALWAYS_SEARCH_USER_PATHS = NO;
				CLANG_ANALYZER_NONNULL = YES;
				CLANG_ANALYZER_NUMBER_OBJECT_CONVERSION = YES_AGGRESSIVE;
				CLANG_CXX_LANGUAGE_STANDARD = "gnu++14";
				CLANG_CXX_LIBRARY = "libc++";
				CLANG_ENABLE_MODULES = YES;
				CLANG_ENABLE_OBJC_ARC = YES;
				CLANG_ENABLE_OBJC_WEAK = YES;
				CLANG_WARN_BLOCK_CAPTURE_AUTORELEASING = YES;
				CLANG_WARN_BOOL_CONVERSION = YES;
				CLANG_WARN_COMMA = YES;
				CLANG_WARN_CONSTANT_CONVERSION = YES;
				CLANG_WARN_DEPRECATED_OBJC_IMPLEMENTATIONS = YES;
				CLANG_WARN_DIRECT_OBJC_ISA_USAGE = YES_ERROR;
				CLANG_WARN_DOCUMENTATION_COMMENTS = YES;
				CLANG_WARN_EMPTY_BODY = YES;
				CLANG_WARN_ENUM_CONVERSION = YES;
				CLANG_WARN_INFINITE_RECURSION = YES;
				CLANG_WARN_INT_CONVERSION = YES;
				CLANG_WARN_NON_LITERAL_NULL_CONVERSION = YES;
				CLANG_WARN_OBJC_IMPLICIT_RETAIN_SELF = YES;
				CLANG_WARN_OBJC_LITERAL_CONVERSION = YES;
				CLANG_WARN_OBJC_ROOT_CLASS = YES_ERROR;
				CLANG_WARN_RANGE_LOOP_ANALYSIS = YES;
				CLANG_WARN_STRICT_PROTOTYPES = YES;
				CLANG_WARN_SUSPICIOUS_MOVE = YES;
				CLANG_WARN_UNGUARDED_AVAILABILITY = YES_AGGRESSIVE;
				CLANG_WARN_UNREACHABLE_CODE = YES;
				CLANG_WARN__DUPLICATE_METHOD_MATCH = YES;
				CODE_SIGN_IDENTITY = "iPhone Developer";
				COPY_PHASE_STRIP = NO;
				DEBUG_INFORMATION_FORMAT = dwarf;
				ENABLE_STRICT_OBJC_MSGSEND = YES;
				ENABLE_TESTABILITY = YES;
				GCC_C_LANGUAGE_STANDARD = gnu11;
				GCC_DYNAMIC_NO_PIC = NO;
				GCC_NO_COMMON_BLOCKS = YES;
				GCC_OPTIMIZATION_LEVEL = 0;
				GCC_PREPROCESSOR_DEFINITIONS = (
					"DEBUG=1",
					"$(inherited)",
				);
				GCC_WARN_64_TO_32_BIT_CONVERSION = YES;
				GCC_WARN_ABOUT_RETURN_TYPE = YES_ERROR;
				GCC_WARN_UNDECLARED_SELECTOR = YES;
				GCC_WARN_UNINITIALIZED_AUTOS = YES_AGGRESSIVE;
				GCC_WARN_UNUSED_FUNCTION = YES;
				GCC_WARN_UNUSED_VARIABLE = YES;
				IPHONEOS_DEPLOYMENT_TARGET = 12.2;
				MTL_ENABLE_DEBUG_INFO = INCLUDE_SOURCE;
				MTL_FAST_MATH = YES;
				ONLY_ACTIVE_ARCH = YES;
				SDKROOT = iphoneos;
				SWIFT_ACTIVE_COMPILATION_CONDITIONS = DEBUG;
				SWIFT_OPTIMIZATION_LEVEL = "-Onone";
			};
			name = Debug;
		};
		E4F4D1DB2285CC16001B7698 /* Release */ = {
			isa = XCBuildConfiguration;
			buildSettings = {
				ALWAYS_SEARCH_USER_PATHS = NO;
				CLANG_ANALYZER_NONNULL = YES;
				CLANG_ANALYZER_NUMBER_OBJECT_CONVERSION = YES_AGGRESSIVE;
				CLANG_CXX_LANGUAGE_STANDARD = "gnu++14";
				CLANG_CXX_LIBRARY = "libc++";
				CLANG_ENABLE_MODULES = YES;
				CLANG_ENABLE_OBJC_ARC = YES;
				CLANG_ENABLE_OBJC_WEAK = YES;
				CLANG_WARN_BLOCK_CAPTURE_AUTORELEASING = YES;
				CLANG_WARN_BOOL_CONVERSION = YES;
				CLANG_WARN_COMMA = YES;
				CLANG_WARN_CONSTANT_CONVERSION = YES;
				CLANG_WARN_DEPRECATED_OBJC_IMPLEMENTATIONS = YES;
				CLANG_WARN_DIRECT_OBJC_ISA_USAGE = YES_ERROR;
				CLANG_WARN_DOCUMENTATION_COMMENTS = YES;
				CLANG_WARN_EMPTY_BODY = YES;
				CLANG_WARN_ENUM_CONVERSION = YES;
				CLANG_WARN_INFINITE_RECURSION = YES;
				CLANG_WARN_INT_CONVERSION = YES;
				CLANG_WARN_NON_LITERAL_NULL_CONVERSION = YES;
				CLANG_WARN_OBJC_IMPLICIT_RETAIN_SELF = YES;
				CLANG_WARN_OBJC_LITERAL_CONVERSION = YES;
				CLANG_WARN_OBJC_ROOT_CLASS = YES_ERROR;
				CLANG_WARN_RANGE_LOOP_ANALYSIS = YES;
				CLANG_WARN_STRICT_PROTOTYPES = YES;
				CLANG_WARN_SUSPICIOUS_MOVE = YES;
				CLANG_WARN_UNGUARDED_AVAILABILITY = YES_AGGRESSIVE;
				CLANG_WARN_UNREACHABLE_CODE = YES;
				CLANG_WARN__DUPLICATE_METHOD_MATCH = YES;
				CODE_SIGN_IDENTITY = "iPhone Developer";
				COPY_PHASE_STRIP = NO;
				DEBUG_INFORMATION_FORMAT = "dwarf-with-dsym";
				ENABLE_NS_ASSERTIONS = NO;
				ENABLE_STRICT_OBJC_MSGSEND = YES;
				GCC_C_LANGUAGE_STANDARD = gnu11;
				GCC_NO_COMMON_BLOCKS = YES;
				GCC_WARN_64_TO_32_BIT_CONVERSION = YES;
				GCC_WARN_ABOUT_RETURN_TYPE = YES_ERROR;
				GCC_WARN_UNDECLARED_SELECTOR = YES;
				GCC_WARN_UNINITIALIZED_AUTOS = YES_AGGRESSIVE;
				GCC_WARN_UNUSED_FUNCTION = YES;
				GCC_WARN_UNUSED_VARIABLE = YES;
				IPHONEOS_DEPLOYMENT_TARGET = 12.2;
				MTL_ENABLE_DEBUG_INFO = NO;
				MTL_FAST_MATH = YES;
				SDKROOT = iphoneos;
				SWIFT_COMPILATION_MODE = wholemodule;
				SWIFT_OPTIMIZATION_LEVEL = "-O";
				VALIDATE_PRODUCT = YES;
			};
			name = Release;
		};
		E4F4D1DD2285CC16001B7698 /* Debug */ = {
			isa = XCBuildConfiguration;
			buildSettings = {
				ASSETCATALOG_COMPILER_APPICON_NAME = AppIcon;
				CODE_SIGN_STYLE = Automatic;
				INFOPLIST_FILE = "$(SRCROOT)/ShoppingList/Resources/Info.plist";
				LD_RUNPATH_SEARCH_PATHS = (
					"$(inherited)",
					"@executable_path/Frameworks",
				);
				PRODUCT_BUNDLE_IDENTIFIER = devmtn.ShoppingList;
				PRODUCT_NAME = "$(TARGET_NAME)";
				SWIFT_VERSION = 5.0;
				TARGETED_DEVICE_FAMILY = "1,2";
			};
			name = Debug;
		};
		E4F4D1DE2285CC16001B7698 /* Release */ = {
			isa = XCBuildConfiguration;
			buildSettings = {
				ASSETCATALOG_COMPILER_APPICON_NAME = AppIcon;
				CODE_SIGN_STYLE = Automatic;
				INFOPLIST_FILE = "$(SRCROOT)/ShoppingList/Resources/Info.plist";
				LD_RUNPATH_SEARCH_PATHS = (
					"$(inherited)",
					"@executable_path/Frameworks",
				);
				PRODUCT_BUNDLE_IDENTIFIER = devmtn.ShoppingList;
				PRODUCT_NAME = "$(TARGET_NAME)";
				SWIFT_VERSION = 5.0;
				TARGETED_DEVICE_FAMILY = "1,2";
			};
			name = Release;
		};
/* End XCBuildConfiguration section */

/* Begin XCConfigurationList section */
		E4F4D1C52285CC15001B7698 /* Build configuration list for PBXProject "ShoppingList" */ = {
			isa = XCConfigurationList;
			buildConfigurations = (
				E4F4D1DA2285CC16001B7698 /* Debug */,
				E4F4D1DB2285CC16001B7698 /* Release */,
			);
			defaultConfigurationIsVisible = 0;
			defaultConfigurationName = Release;
		};
		E4F4D1DC2285CC16001B7698 /* Build configuration list for PBXNativeTarget "ShoppingList" */ = {
			isa = XCConfigurationList;
			buildConfigurations = (
				E4F4D1DD2285CC16001B7698 /* Debug */,
				E4F4D1DE2285CC16001B7698 /* Release */,
			);
			defaultConfigurationIsVisible = 0;
			defaultConfigurationName = Release;
		};
/* End XCConfigurationList section */

/* Begin XCVersionGroup section */
		E4F4D1F02285CD15001B7698 /* ShoppingList.xcdatamodeld */ = {
			isa = XCVersionGroup;
			children = (
				E4F4D1F12285CD15001B7698 /* ShoppingList.xcdatamodel */,
			);
			currentVersion = E4F4D1F12285CD15001B7698 /* ShoppingList.xcdatamodel */;
			path = ShoppingList.xcdatamodeld;
			sourceTree = "<group>";
			versionGroupType = wrapper.xcdatamodel;
		};
/* End XCVersionGroup section */
	};
	rootObject = E4F4D1C22285CC15001B7698 /* Project object */;
}
